// !$*UTF8*$!
{
	archiveVersion = 1;
	classes = {
	};
	objectVersion = 46;
	objects = {

/* Begin PBXBuildFile section */
		3F42E03B1E51CEAC00A5EB31 /* Usuario.swift in Sources */ = {isa = PBXBuildFile; fileRef = 3F42E03A1E51CEAC00A5EB31 /* Usuario.swift */; };
		3F42E03D1E51D62600A5EB31 /* Imovel.swift in Sources */ = {isa = PBXBuildFile; fileRef = 3F42E03C1E51D62600A5EB31 /* Imovel.swift */; };
		3F42E03F1E51D7D600A5EB31 /* Endereco.swift in Sources */ = {isa = PBXBuildFile; fileRef = 3F42E03E1E51D7D600A5EB31 /* Endereco.swift */; };
		3F7F9AE31E4B52EA00D8A090 /* AppDelegate.swift in Sources */ = {isa = PBXBuildFile; fileRef = 3F7F9AE21E4B52EA00D8A090 /* AppDelegate.swift */; };
		3F7F9AE81E4B52EA00D8A090 /* Main.storyboard in Resources */ = {isa = PBXBuildFile; fileRef = 3F7F9AE61E4B52EA00D8A090 /* Main.storyboard */; };
		3F7F9AEA1E4B52EA00D8A090 /* Assets.xcassets in Resources */ = {isa = PBXBuildFile; fileRef = 3F7F9AE91E4B52EA00D8A090 /* Assets.xcassets */; };
		3F7F9AED1E4B52EA00D8A090 /* LaunchScreen.storyboard in Resources */ = {isa = PBXBuildFile; fileRef = 3F7F9AEB1E4B52EA00D8A090 /* LaunchScreen.storyboard */; };
/* End PBXBuildFile section */

/* Begin PBXFileReference section */
		3F42E03A1E51CEAC00A5EB31 /* Usuario.swift */ = {isa = PBXFileReference; fileEncoding = 4; lastKnownFileType = sourcecode.swift; path = Usuario.swift; sourceTree = "<group>"; };
		3F42E03C1E51D62600A5EB31 /* Imovel.swift */ = {isa = PBXFileReference; fileEncoding = 4; lastKnownFileType = sourcecode.swift; path = Imovel.swift; sourceTree = "<group>"; };
		3F42E03E1E51D7D600A5EB31 /* Endereco.swift */ = {isa = PBXFileReference; fileEncoding = 4; lastKnownFileType = sourcecode.swift; path = Endereco.swift; sourceTree = "<group>"; };
		3F7F9ADF1E4B52EA00D8A090 /* Aluguel.app */ = {isa = PBXFileReference; explicitFileType = wrapper.application; includeInIndex = 0; path = Aluguel.app; sourceTree = BUILT_PRODUCTS_DIR; };
		3F7F9AE21E4B52EA00D8A090 /* AppDelegate.swift */ = {isa = PBXFileReference; lastKnownFileType = sourcecode.swift; path = AppDelegate.swift; sourceTree = "<group>"; };
		3F7F9AE71E4B52EA00D8A090 /* Base */ = {isa = PBXFileReference; lastKnownFileType = file.storyboard; name = Base; path = Base.lproj/Main.storyboard; sourceTree = "<group>"; };
		3F7F9AE91E4B52EA00D8A090 /* Assets.xcassets */ = {isa = PBXFileReference; lastKnownFileType = folder.assetcatalog; path = Assets.xcassets; sourceTree = "<group>"; };
		3F7F9AEC1E4B52EA00D8A090 /* Base */ = {isa = PBXFileReference; lastKnownFileType = file.storyboard; name = Base; path = Base.lproj/LaunchScreen.storyboard; sourceTree = "<group>"; };
		3F7F9AEE1E4B52EA00D8A090 /* Info.plist */ = {isa = PBXFileReference; lastKnownFileType = text.plist.xml; path = Info.plist; sourceTree = "<group>"; };
/* End PBXFileReference section */

/* Begin PBXFrameworksBuildPhase section */
		3F7F9ADC1E4B52EA00D8A090 /* Frameworks */ = {
			isa = PBXFrameworksBuildPhase;
			buildActionMask = 2147483647;
			files = (
			);
			runOnlyForDeploymentPostprocessing = 0;
		};
/* End PBXFrameworksBuildPhase section */

/* Begin PBXGroup section */
		3F42E0391E51CE7800A5EB31 /* model */ = {
			isa = PBXGroup;
			children = (
				3F42E03A1E51CEAC00A5EB31 /* Usuario.swift */,
				3F42E03C1E51D62600A5EB31 /* Imovel.swift */,
				3F42E03E1E51D7D600A5EB31 /* Endereco.swift */,
			);
			name = model;
			sourceTree = "<group>";
		};
		3F7F9AD61E4B52EA00D8A090 = {
			isa = PBXGroup;
			children = (
				3F7F9AE11E4B52EA00D8A090 /* Aluguel */,
				3F7F9AE01E4B52EA00D8A090 /* Products */,
			);
			sourceTree = "<group>";
		};
		3F7F9AE01E4B52EA00D8A090 /* Products */ = {
			isa = PBXGroup;
			children = (
				3F7F9ADF1E4B52EA00D8A090 /* Aluguel.app */,
			);
			name = Products;
			sourceTree = "<group>";
		};
		3F7F9AE11E4B52EA00D8A090 /* Aluguel */ = {
			isa = PBXGroup;
			children = (
				3F42E0391E51CE7800A5EB31 /* model */,
				3F7F9AE21E4B52EA00D8A090 /* AppDelegate.swift */,
				3F7F9AE61E4B52EA00D8A090 /* Main.storyboard */,
				3F7F9AE91E4B52EA00D8A090 /* Assets.xcassets */,
				3F7F9AEB1E4B52EA00D8A090 /* LaunchScreen.storyboard */,
				3F7F9AEE1E4B52EA00D8A090 /* Info.plist */,
			);
			path = Aluguel;
			sourceTree = "<group>";
		};
/* End PBXGroup section */

/* Begin PBXNativeTarget section */
		3F7F9ADE1E4B52EA00D8A090 /* Aluguel */ = {
			isa = PBXNativeTarget;
			buildConfigurationList = 3F7F9AF11E4B52EA00D8A090 /* Build configuration list for PBXNativeTarget "Aluguel" */;
			buildPhases = (
				3F7F9ADB1E4B52EA00D8A090 /* Sources */,
				3F7F9ADC1E4B52EA00D8A090 /* Frameworks */,
				3F7F9ADD1E4B52EA00D8A090 /* Resources */,
			);
			buildRules = (
			);
			dependencies = (
			);
			name = Aluguel;
			productName = Aluguel;
			productReference = 3F7F9ADF1E4B52EA00D8A090 /* Aluguel.app */;
			productType = "com.apple.product-type.application";
		};
/* End PBXNativeTarget section */

/* Begin PBXProject section */
		3F7F9AD71E4B52EA00D8A090 /* Project object */ = {
			isa = PBXProject;
			attributes = {
				LastSwiftUpdateCheck = 0820;
				LastUpgradeCheck = 0820;
				ORGANIZATIONNAME = "Alkxyly Samyr";
				TargetAttributes = {
					3F7F9ADE1E4B52EA00D8A090 = {
						CreatedOnToolsVersion = 8.2.1;
						ProvisioningStyle = Automatic;
					};
				};
			};
			buildConfigurationList = 3F7F9ADA1E4B52EA00D8A090 /* Build configuration list for PBXProject "Aluguel" */;
			compatibilityVersion = "Xcode 3.2";
			developmentRegion = English;
			hasScannedForEncodings = 0;
			knownRegions = (
				en,
				Base,
			);
			mainGroup = 3F7F9AD61E4B52EA00D8A090;
			productRefGroup = 3F7F9AE01E4B52EA00D8A090 /* Products */;
			projectDirPath = "";
			projectRoot = "";
			targets = (
				3F7F9ADE1E4B52EA00D8A090 /* Aluguel */,
			);
		};
/* End PBXProject section */

/* Begin PBXResourcesBuildPhase section */
		3F7F9ADD1E4B52EA00D8A090 /* Resources */ = {
			isa = PBXResourcesBuildPhase;
			buildActionMask = 2147483647;
			files = (
				3F7F9AED1E4B52EA00D8A090 /* LaunchScreen.storyboard in Resources */,
				3F7F9AEA1E4B52EA00D8A090 /* Assets.xcassets in Resources */,
				3F7F9AE81E4B52EA00D8A090 /* Main.storyboard in Resources */,
			);
			runOnlyForDeploymentPostprocessing = 0;
		};
/* End PBXResourcesBuildPhase section */

/* Begin PBXSourcesBuildPhase section */
		3F7F9ADB1E4B52EA00D8A090 /* Sources */ = {
			isa = PBXSourcesBuildPhase;
			buildActionMask = 2147483647;
			files = (
				3F42E03B1E51CEAC00A5EB31 /* Usuario.swift in Sources */,
				3F7F9AE31E4B52EA00D8A090 /* AppDelegate.swift in Sources */,
				3F42E03F1E51D7D600A5EB31 /* Endereco.swift in Sources */,
				3F42E03D1E51D62600A5EB31 /* Imovel.swift in Sources */,
			);
			runOnlyForDeploymentPostprocessing = 0;
		};
/* End PBXSourcesBuildPhase section */

/* Begin PBXVariantGroup section */
		3F7F9AE61E4B52EA00D8A090 /* Main.storyboard */ = {
			isa = PBXVariantGroup;
			children = (
				3F7F9AE71E4B52EA00D8A090 /* Base */,
			);
			name = Main.storyboard;
			sourceTree = "<group>";
		};
		3F7F9AEB1E4B52EA00D8A090 /* LaunchScreen.storyboard */ = {
			isa = PBXVariantGroup;
			children = (
				3F7F9AEC1E4B52EA00D8A090 /* Base */,
			);
			name = LaunchScreen.storyboard;
			sourceTree = "<group>";
		};
/* End PBXVariantGroup section */

/* Begin XCBuildConfiguration section */
		3F7F9AEF1E4B52EA00D8A090 /* Debug */ = {
			isa = XCBuildConfiguration;
			buildSettings = {
				ALWAYS_SEARCH_USER_PATHS = NO;
				CLANG_ANALYZER_NONNULL = YES;
				CLANG_CXX_LANGUAGE_STANDARD = "gnu++0x";
				CLANG_CXX_LIBRARY = "libc++";
				CLANG_ENABLE_MODULES = YES;
				CLANG_ENABLE_OBJC_ARC = YES;
				CLANG_WARN_BOOL_CONVERSION = YES;
				CLANG_WARN_CONSTANT_CONVERSION = YES;
				CLANG_WARN_DIRECT_OBJC_ISA_USAGE = YES_ERROR;
				CLANG_WARN_DOCUMENTATION_COMMENTS = YES;
				CLANG_WARN_EMPTY_BODY = YES;
				CLANG_WARN_ENUM_CONVERSION = YES;
				CLANG_WARN_INFINITE_RECURSION = YES;
				CLANG_WARN_INT_CONVERSION = YES;
				CLANG_WARN_OBJC_ROOT_CLASS = YES_ERROR;
				CLANG_WARN_SUSPICIOUS_MOVE = YES;
				CLANG_WARN_UNREACHABLE_CODE = YES;
				CLANG_WARN__DUPLICATE_METHOD_MATCH = YES;
				"CODE_SIGN_IDENTITY[sdk=iphoneos*]" = "iPhone Developer";
				COPY_PHASE_STRIP = NO;
				DEBUG_INFORMATION_FORMAT = dwarf;
				ENABLE_STRICT_OBJC_MSGSEND = YES;
				ENABLE_TESTABILITY = YES;
				GCC_C_LANGUAGE_STANDARD = gnu99;
				GCC_DYNAMIC_NO_PIC = NO;
				GCC_NO_COMMON_BLOCKS = YES;
				GCC_OPTIMIZATION_LEVEL = 0;
				GCC_PREPROCESSOR_DEFINITIONS = (
					"DEBUG=1",
					"$(inherited)",
				);
				GCC_WARN_64_TO_32_BIT_CONVERSION = YES;
				GCC_WARN_ABOUT_RETURN_TYPE = YES_ERROR;
				GCC_WARN_UNDECLARED_SELECTOR = YES;
				GCC_WARN_UNINITIALIZED_AUTOS = YES_AGGRESSIVE;
				GCC_WARN_UNUSED_FUNCTION = YES;
				GCC_WARN_UNUSED_VARIABLE = YES;
				IPHONEOS_DEPLOYMENT_TARGET = 10.2;
				MTL_ENABLE_DEBUG_INFO = YES;
				ONLY_ACTIVE_ARCH = YES;
				SDKROOT = iphoneos;
				SWIFT_ACTIVE_COMPILATION_CONDITIONS = DEBUG;
				SWIFT_OPTIMIZATION_LEVEL = "-Onone";
				TARGETED_DEVICE_FAMILY = "1,2";
			};
			name = Debug;
		};
		3F7F9AF01E4B52EA00D8A090 /* Release */ = {
			isa = XCBuildConfiguration;
			buildSettings = {
				ALWAYS_SEARCH_USER_PATHS = NO;
				CLANG_ANALYZER_NONNULL = YES;
				CLANG_CXX_LANGUAGE_STANDARD = "gnu++0x";
				CLANG_CXX_LIBRARY = "libc++";
				CLANG_ENABLE_MODULES = YES;
				CLANG_ENABLE_OBJC_ARC = YES;
				CLANG_WARN_BOOL_CONVERSION = YES;
				CLANG_WARN_CONSTANT_CONVERSION = YES;
				CLANG_WARN_DIRECT_OBJC_ISA_USAGE = YES_ERROR;
				CLANG_WARN_DOCUMENTATION_COMMENTS = YES;
				CLANG_WARN_EMPTY_BODY = YES;
				CLANG_WARN_ENUM_CONVERSION = YES;
				CLANG_WARN_INFINITE_RECURSION = YES;
				CLANG_WARN_INT_CONVERSION = YES;
				CLANG_WARN_OBJC_ROOT_CLASS = YES_ERROR;
				CLANG_WARN_SUSPICIOUS_MOVE = YES;
				CLANG_WARN_UNREACHABLE_CODE = YES;
				CLANG_WARN__DUPLICATE_METHOD_MATCH = YES;
				"CODE_SIGN_IDENTITY[sdk=iphoneos*]" = "iPhone Developer";
				COPY_PHASE_STRIP = NO;
				DEBUG_INFORMATION_FORMAT = "dwarf-with-dsym";
				ENABLE_NS_ASSERTIONS = NO;
				ENABLE_STRICT_OBJC_MSGSEND = YES;
				GCC_C_LANGUAGE_STANDARD = gnu99;
				GCC_NO_COMMON_BLOCKS = YES;
				GCC_WARN_64_TO_32_BIT_CONVERSION = YES;
				GCC_WARN_ABOUT_RETURN_TYPE = YES_ERROR;
				GCC_WARN_UNDECLARED_SELECTOR = YES;
				GCC_WARN_UNINITIALIZED_AUTOS = YES_AGGRESSIVE;
				GCC_WARN_UNUSED_FUNCTION = YES;
				GCC_WARN_UNUSED_VARIABLE = YES;
				IPHONEOS_DEPLOYMENT_TARGET = 10.2;
				MTL_ENABLE_DEBUG_INFO = NO;
				SDKROOT = iphoneos;
				SWIFT_OPTIMIZATION_LEVEL = "-Owholemodule";
				TARGETED_DEVICE_FAMILY = "1,2";
				VALIDATE_PRODUCT = YES;
			};
			name = Release;
		};
		3F7F9AF21E4B52EA00D8A090 /* Debug */ = {
			isa = XCBuildConfiguration;
			buildSettings = {
				ASSETCATALOG_COMPILER_APPICON_NAME = AppIcon;
				INFOPLIST_FILE = Aluguel/Info.plist;
				LD_RUNPATH_SEARCH_PATHS = "$(inherited) @executable_path/Frameworks";
				PRODUCT_BUNDLE_IDENTIFIER = br.com.alkxyly.samyr.Aluguel;
				PRODUCT_NAME = "$(TARGET_NAME)";
				SWIFT_VERSION = 3.0;
			};
			name = Debug;
		};
		3F7F9AF31E4B52EA00D8A090 /* Release */ = {
			isa = XCBuildConfiguration;
			buildSettings = {
				ASSETCATALOG_COMPILER_APPICON_NAME = AppIcon;
				INFOPLIST_FILE = Aluguel/Info.plist;
				LD_RUNPATH_SEARCH_PATHS = "$(inherited) @executable_path/Frameworks";
				PRODUCT_BUNDLE_IDENTIFIER = br.com.alkxyly.samyr.Aluguel;
				PRODUCT_NAME = "$(TARGET_NAME)";
				SWIFT_VERSION = 3.0;
			};
			name = Release;
		};
/* End XCBuildConfiguration section */

/* Begin XCConfigurationList section */
		3F7F9ADA1E4B52EA00D8A090 /* Build configuration list for PBXProject "Aluguel" */ = {
			isa = XCConfigurationList;
			buildConfigurations = (
				3F7F9AEF1E4B52EA00D8A090 /* Debug */,
				3F7F9AF01E4B52EA00D8A090 /* Release */,
			);
			defaultConfigurationIsVisible = 0;
			defaultConfigurationName = Release;
		};
		3F7F9AF11E4B52EA00D8A090 /* Build configuration list for PBXNativeTarget "Aluguel" */ = {
			isa = XCConfigurationList;
			buildConfigurations = (
				3F7F9AF21E4B52EA00D8A090 /* Debug */,
				3F7F9AF31E4B52EA00D8A090 /* Release */,
			);
			defaultConfigurationIsVisible = 0;
			defaultConfigurationName = Release;
		};
/* End XCConfigurationList section */
	};
	rootObject = 3F7F9AD71E4B52EA00D8A090 /* Project object */;
}
